
Microsoft Visual Studio Solution File, Format Version 12.00
# Visual Studio Version 17
VisualStudioVersion = 17.1.32328.378
MinimumVisualStudioVersion = 10.0.40219.1
Project("{FAE04EC0-301F-11D3-BF4B-00C04F79EFBC}") = "rote66", "rote66\rote66.csproj", "{765FBFBB-8F4D-41F8-9780-CCF732F32DEF}"
EndProject
Global
	GlobalSection(SolutionConfigurationPlatforms) = preSolution
		Debug|Any CPU = Debug|Any CPU
		Release|Any CPU = Release|Any CPU
	EndGlobalSection
	GlobalSection(ProjectConfigurationPlatforms) = postSolution
		{765FBFBB-8F4D-41F8-9780-CCF732F32DEF}.Debug|Any CPU.ActiveCfg = Debug|Any CPU
		{765FBFBB-8F4D-41F8-9780-CCF732F32DEF}.Debug|Any CPU.Build.0 = Debug|Any CPU
		{765FBFBB-8F4D-41F8-9780-CCF732F32DEF}.Release|Any CPU.ActiveCfg = Release|Any CPU
		{765FBFBB-8F4D-41F8-9780-CCF732F32DEF}.Release|Any CPU.Build.0 = Release|Any CPU
	EndGlobalSection
	GlobalSection(SolutionProperties) = preSolution
		HideSolutionNode = FALSE
	EndGlobalSection
	GlobalSection(ExtensibilityGlobals) = postSolution
		SolutionGuid = {F41165ED-5C91-4684-8146-2B95B37E1FDD}
	EndGlobalSection
EndGlobal
